// !$*UTF8*$!
{
	archiveVersion = 1;
	classes = {
	};
	objectVersion = 46;
	objects = {

/* Begin PBXBuildFile section */
		3A26DE711BD996E900CFBF62 /* AppDelegate.swift in Sources */ = {isa = PBXBuildFile; fileRef = 3A26DE701BD996E900CFBF62 /* AppDelegate.swift */; };
		3A26DE731BD996E900CFBF62 /* ViewController.swift in Sources */ = {isa = PBXBuildFile; fileRef = 3A26DE721BD996E900CFBF62 /* ViewController.swift */; };
		3A26DE761BD996E900CFBF62 /* Main.storyboard in Resources */ = {isa = PBXBuildFile; fileRef = 3A26DE741BD996E900CFBF62 /* Main.storyboard */; };
		3A26DE781BD996E900CFBF62 /* Assets.xcassets in Resources */ = {isa = PBXBuildFile; fileRef = 3A26DE771BD996E900CFBF62 /* Assets.xcassets */; };
		3A26DE7B1BD996E900CFBF62 /* LaunchScreen.storyboard in Resources */ = {isa = PBXBuildFile; fileRef = 3A26DE791BD996E900CFBF62 /* LaunchScreen.storyboard */; };
		3A26DE861BD996EA00CFBF62 /* SimpleCalcIOSTests.swift in Sources */ = {isa = PBXBuildFile; fileRef = 3A26DE851BD996EA00CFBF62 /* SimpleCalcIOSTests.swift */; };
		3A26DE911BD996EA00CFBF62 /* SimpleCalcIOSUITests.swift in Sources */ = {isa = PBXBuildFile; fileRef = 3A26DE901BD996EA00CFBF62 /* SimpleCalcIOSUITests.swift */; };
/* End PBXBuildFile section */

/* Begin PBXContainerItemProxy section */
		3A26DE821BD996E900CFBF62 /* PBXContainerItemProxy */ = {
			isa = PBXContainerItemProxy;
			containerPortal = 3A26DE651BD996E900CFBF62 /* Project object */;
			proxyType = 1;
			remoteGlobalIDString = 3A26DE6C1BD996E900CFBF62;
			remoteInfo = SimpleCalcIOS;
		};
		3A26DE8D1BD996EA00CFBF62 /* PBXContainerItemProxy */ = {
			isa = PBXContainerItemProxy;
			containerPortal = 3A26DE651BD996E900CFBF62 /* Project object */;
			proxyType = 1;
			remoteGlobalIDString = 3A26DE6C1BD996E900CFBF62;
			remoteInfo = SimpleCalcIOS;
		};
/* End PBXContainerItemProxy section */

/* Begin PBXFileReference section */
		3A26DE6D1BD996E900CFBF62 /* SimpleCalcIOS.app */ = {isa = PBXFileReference; explicitFileType = wrapper.application; includeInIndex = 0; path = SimpleCalcIOS.app; sourceTree = BUILT_PRODUCTS_DIR; };
		3A26DE701BD996E900CFBF62 /* AppDelegate.swift */ = {isa = PBXFileReference; lastKnownFileType = sourcecode.swift; path = AppDelegate.swift; sourceTree = "<group>"; };
		3A26DE721BD996E900CFBF62 /* ViewController.swift */ = {isa = PBXFileReference; lastKnownFileType = sourcecode.swift; path = ViewController.swift; sourceTree = "<group>"; };
		3A26DE751BD996E900CFBF62 /* Base */ = {isa = PBXFileReference; lastKnownFileType = file.storyboard; name = Base; path = Base.lproj/Main.storyboard; sourceTree = "<group>"; };
		3A26DE771BD996E900CFBF62 /* Assets.xcassets */ = {isa = PBXFileReference; lastKnownFileType = folder.assetcatalog; path = Assets.xcassets; sourceTree = "<group>"; };
		3A26DE7A1BD996E900CFBF62 /* Base */ = {isa = PBXFileReference; lastKnownFileType = file.storyboard; name = Base; path = Base.lproj/LaunchScreen.storyboard; sourceTree = "<group>"; };
		3A26DE7C1BD996E900CFBF62 /* Info.plist */ = {isa = PBXFileReference; lastKnownFileType = text.plist.xml; path = Info.plist; sourceTree = "<group>"; };
		3A26DE811BD996E900CFBF62 /* SimpleCalcIOSTests.xctest */ = {isa = PBXFileReference; explicitFileType = wrapper.cfbundle; includeInIndex = 0; path = SimpleCalcIOSTests.xctest; sourceTree = BUILT_PRODUCTS_DIR; };
		3A26DE851BD996EA00CFBF62 /* SimpleCalcIOSTests.swift */ = {isa = PBXFileReference; lastKnownFileType = sourcecode.swift; path = SimpleCalcIOSTests.swift; sourceTree = "<group>"; };
		3A26DE871BD996EA00CFBF62 /* Info.plist */ = {isa = PBXFileReference; lastKnownFileType = text.plist.xml; path = Info.plist; sourceTree = "<group>"; };
		3A26DE8C1BD996EA00CFBF62 /* SimpleCalcIOSUITests.xctest */ = {isa = PBXFileReference; explicitFileType = wrapper.cfbundle; includeInIndex = 0; path = SimpleCalcIOSUITests.xctest; sourceTree = BUILT_PRODUCTS_DIR; };
		3A26DE901BD996EA00CFBF62 /* SimpleCalcIOSUITests.swift */ = {isa = PBXFileReference; lastKnownFileType = sourcecode.swift; path = SimpleCalcIOSUITests.swift; sourceTree = "<group>"; };
		3A26DE921BD996EA00CFBF62 /* Info.plist */ = {isa = PBXFileReference; lastKnownFileType = text.plist.xml; path = Info.plist; sourceTree = "<group>"; };
/* End PBXFileReference section */

/* Begin PBXFrameworksBuildPhase section */
		3A26DE6A1BD996E900CFBF62 /* Frameworks */ = {
			isa = PBXFrameworksBuildPhase;
			buildActionMask = 2147483647;
			files = (
			);
			runOnlyForDeploymentPostprocessing = 0;
		};
		3A26DE7E1BD996E900CFBF62 /* Frameworks */ = {
			isa = PBXFrameworksBuildPhase;
			buildActionMask = 2147483647;
			files = (
			);
			runOnlyForDeploymentPostprocessing = 0;
		};
		3A26DE891BD996EA00CFBF62 /* Frameworks */ = {
			isa = PBXFrameworksBuildPhase;
			buildActionMask = 2147483647;
			files = (
			);
			runOnlyForDeploymentPostprocessing = 0;
		};
/* End PBXFrameworksBuildPhase section */

/* Begin PBXGroup section */
		3A26DE641BD996E900CFBF62 = {
			isa = PBXGroup;
			children = (
				3A26DE6F1BD996E900CFBF62 /* SimpleCalcIOS */,
				3A26DE841BD996E900CFBF62 /* SimpleCalcIOSTests */,
				3A26DE8F1BD996EA00CFBF62 /* SimpleCalcIOSUITests */,
				3A26DE6E1BD996E900CFBF62 /* Products */,
			);
			sourceTree = "<group>";
		};
		3A26DE6E1BD996E900CFBF62 /* Products */ = {
			isa = PBXGroup;
			children = (
				3A26DE6D1BD996E900CFBF62 /* SimpleCalcIOS.app */,
				3A26DE811BD996E900CFBF62 /* SimpleCalcIOSTests.xctest */,
				3A26DE8C1BD996EA00CFBF62 /* SimpleCalcIOSUITests.xctest */,
			);
			name = Products;
			sourceTree = "<group>";
		};
		3A26DE6F1BD996E900CFBF62 /* SimpleCalcIOS */ = {
			isa = PBXGroup;
			children = (
				3A26DE701BD996E900CFBF62 /* AppDelegate.swift */,
				3A26DE721BD996E900CFBF62 /* ViewController.swift */,
				3A26DE741BD996E900CFBF62 /* Main.storyboard */,
				3A26DE771BD996E900CFBF62 /* Assets.xcassets */,
				3A26DE791BD996E900CFBF62 /* LaunchScreen.storyboard */,
				3A26DE7C1BD996E900CFBF62 /* Info.plist */,
			);
			path = SimpleCalcIOS;
			sourceTree = "<group>";
		};
		3A26DE841BD996E900CFBF62 /* SimpleCalcIOSTests */ = {
			isa = PBXGroup;
			children = (
				3A26DE851BD996EA00CFBF62 /* SimpleCalcIOSTests.swift */,
				3A26DE871BD996EA00CFBF62 /* Info.plist */,
			);
			path = SimpleCalcIOSTests;
			sourceTree = "<group>";
		};
		3A26DE8F1BD996EA00CFBF62 /* SimpleCalcIOSUITests */ = {
			isa = PBXGroup;
			children = (
				3A26DE901BD996EA00CFBF62 /* SimpleCalcIOSUITests.swift */,
				3A26DE921BD996EA00CFBF62 /* Info.plist */,
			);
			path = SimpleCalcIOSUITests;
			sourceTree = "<group>";
		};
/* End PBXGroup section */

/* Begin PBXNativeTarget section */
		3A26DE6C1BD996E900CFBF62 /* SimpleCalcIOS */ = {
			isa = PBXNativeTarget;
			buildConfigurationList = 3A26DE951BD996EA00CFBF62 /* Build configuration list for PBXNativeTarget "SimpleCalcIOS" */;
			buildPhases = (
				3A26DE691BD996E900CFBF62 /* Sources */,
				3A26DE6A1BD996E900CFBF62 /* Frameworks */,
				3A26DE6B1BD996E900CFBF62 /* Resources */,
			);
			buildRules = (
			);
			dependencies = (
			);
			name = SimpleCalcIOS;
			productName = SimpleCalcIOS;
			productReference = 3A26DE6D1BD996E900CFBF62 /* SimpleCalcIOS.app */;
			productType = "com.apple.product-type.application";
		};
		3A26DE801BD996E900CFBF62 /* SimpleCalcIOSTests */ = {
			isa = PBXNativeTarget;
			buildConfigurationList = 3A26DE981BD996EA00CFBF62 /* Build configuration list for PBXNativeTarget "SimpleCalcIOSTests" */;
			buildPhases = (
				3A26DE7D1BD996E900CFBF62 /* Sources */,
				3A26DE7E1BD996E900CFBF62 /* Frameworks */,
				3A26DE7F1BD996E900CFBF62 /* Resources */,
			);
			buildRules = (
			);
			dependencies = (
				3A26DE831BD996E900CFBF62 /* PBXTargetDependency */,
			);
			name = SimpleCalcIOSTests;
			productName = SimpleCalcIOSTests;
			productReference = 3A26DE811BD996E900CFBF62 /* SimpleCalcIOSTests.xctest */;
			productType = "com.apple.product-type.bundle.unit-test";
		};
		3A26DE8B1BD996EA00CFBF62 /* SimpleCalcIOSUITests */ = {
			isa = PBXNativeTarget;
			buildConfigurationList = 3A26DE9B1BD996EA00CFBF62 /* Build configuration list for PBXNativeTarget "SimpleCalcIOSUITests" */;
			buildPhases = (
				3A26DE881BD996EA00CFBF62 /* Sources */,
				3A26DE891BD996EA00CFBF62 /* Frameworks */,
				3A26DE8A1BD996EA00CFBF62 /* Resources */,
			);
			buildRules = (
			);
			dependencies = (
				3A26DE8E1BD996EA00CFBF62 /* PBXTargetDependency */,
			);
			name = SimpleCalcIOSUITests;
			productName = SimpleCalcIOSUITests;
			productReference = 3A26DE8C1BD996EA00CFBF62 /* SimpleCalcIOSUITests.xctest */;
			productType = "com.apple.product-type.bundle.ui-testing";
		};
/* End PBXNativeTarget section */

/* Begin PBXProject section */
		3A26DE651BD996E900CFBF62 /* Project object */ = {
			isa = PBXProject;
			attributes = {
				LastSwiftUpdateCheck = 0710;
				LastUpgradeCheck = 0710;
				ORGANIZATIONNAME = "Xiangyu Ju";
				TargetAttributes = {
					3A26DE6C1BD996E900CFBF62 = {
						CreatedOnToolsVersion = 7.1;
					};
					3A26DE801BD996E900CFBF62 = {
						CreatedOnToolsVersion = 7.1;
						TestTargetID = 3A26DE6C1BD996E900CFBF62;
					};
					3A26DE8B1BD996EA00CFBF62 = {
						CreatedOnToolsVersion = 7.1;
						TestTargetID = 3A26DE6C1BD996E900CFBF62;
					};
				};
			};
			buildConfigurationList = 3A26DE681BD996E900CFBF62 /* Build configuration list for PBXProject "SimpleCalcIOS" */;
			compatibilityVersion = "Xcode 3.2";
			developmentRegion = English;
			hasScannedForEncodings = 0;
			knownRegions = (
				en,
				Base,
			);
			mainGroup = 3A26DE641BD996E900CFBF62;
			productRefGroup = 3A26DE6E1BD996E900CFBF62 /* Products */;
			projectDirPath = "";
			projectRoot = "";
			targets = (
				3A26DE6C1BD996E900CFBF62 /* SimpleCalcIOS */,
				3A26DE801BD996E900CFBF62 /* SimpleCalcIOSTests */,
				3A26DE8B1BD996EA00CFBF62 /* SimpleCalcIOSUITests */,
			);
		};
/* End PBXProject section */

/* Begin PBXResourcesBuildPhase section */
		3A26DE6B1BD996E900CFBF62 /* Resources */ = {
			isa = PBXResourcesBuildPhase;
			buildActionMask = 2147483647;
			files = (
				3A26DE7B1BD996E900CFBF62 /* LaunchScreen.storyboard in Resources */,
				3A26DE781BD996E900CFBF62 /* Assets.xcassets in Resources */,
				3A26DE761BD996E900CFBF62 /* Main.storyboard in Resources */,
			);
			runOnlyForDeploymentPostprocessing = 0;
		};
		3A26DE7F1BD996E900CFBF62 /* Resources */ = {
			isa = PBXResourcesBuildPhase;
			buildActionMask = 2147483647;
			files = (
			);
			runOnlyForDeploymentPostprocessing = 0;
		};
		3A26DE8A1BD996EA00CFBF62 /* Resources */ = {
			isa = PBXResourcesBuildPhase;
			buildActionMask = 2147483647;
			files = (
			);
			runOnlyForDeploymentPostprocessing = 0;
		};
/* End PBXResourcesBuildPhase section */

/* Begin PBXSourcesBuildPhase section */
		3A26DE691BD996E900CFBF62 /* Sources */ = {
			isa = PBXSourcesBuildPhase;
			buildActionMask = 2147483647;
			files = (
				3A26DE731BD996E900CFBF62 /* ViewController.swift in Sources */,
				3A26DE711BD996E900CFBF62 /* AppDelegate.swift in Sources */,
			);
			runOnlyForDeploymentPostprocessing = 0;
		};
		3A26DE7D1BD996E900CFBF62 /* Sources */ = {
			isa = PBXSourcesBuildPhase;
			buildActionMask = 2147483647;
			files = (
				3A26DE861BD996EA00CFBF62 /* SimpleCalcIOSTests.swift in Sources */,
			);
			runOnlyForDeploymentPostprocessing = 0;
		};
		3A26DE881BD996EA00CFBF62 /* Sources */ = {
			isa = PBXSourcesBuildPhase;
			buildActionMask = 2147483647;
			files = (
				3A26DE911BD996EA00CFBF62 /* SimpleCalcIOSUITests.swift in Sources */,
			);
			runOnlyForDeploymentPostprocessing = 0;
		};
/* End PBXSourcesBuildPhase section */

/* Begin PBXTargetDependency section */
		3A26DE831BD996E900CFBF62 /* PBXTargetDependency */ = {
			isa = PBXTargetDependency;
			target = 3A26DE6C1BD996E900CFBF62 /* SimpleCalcIOS */;
			targetProxy = 3A26DE821BD996E900CFBF62 /* PBXContainerItemProxy */;
		};
		3A26DE8E1BD996EA00CFBF62 /* PBXTargetDependency */ = {
			isa = PBXTargetDependency;
			target = 3A26DE6C1BD996E900CFBF62 /* SimpleCalcIOS */;
			targetProxy = 3A26DE8D1BD996EA00CFBF62 /* PBXContainerItemProxy */;
		};
/* End PBXTargetDependency section */

/* Begin PBXVariantGroup section */
		3A26DE741BD996E900CFBF62 /* Main.storyboard */ = {
			isa = PBXVariantGroup;
			children = (
				3A26DE751BD996E900CFBF62 /* Base */,
			);
			name = Main.storyboard;
			sourceTree = "<group>";
		};
		3A26DE791BD996E900CFBF62 /* LaunchScreen.storyboard */ = {
			isa = PBXVariantGroup;
			children = (
				3A26DE7A1BD996E900CFBF62 /* Base */,
			);
			name = LaunchScreen.storyboard;
			sourceTree = "<group>";
		};
/* End PBXVariantGroup section */

/* Begin XCBuildConfiguration section */
		3A26DE931BD996EA00CFBF62 /* Debug */ = {
			isa = XCBuildConfiguration;
			buildSettings = {
				ALWAYS_SEARCH_USER_PATHS = NO;
				CLANG_CXX_LANGUAGE_STANDARD = "gnu++0x";
				CLANG_CXX_LIBRARY = "libc++";
				CLANG_ENABLE_MODULES = YES;
				CLANG_ENABLE_OBJC_ARC = YES;
				CLANG_WARN_BOOL_CONVERSION = YES;
				CLANG_WARN_CONSTANT_CONVERSION = YES;
				CLANG_WARN_DIRECT_OBJC_ISA_USAGE = YES_ERROR;
				CLANG_WARN_EMPTY_BODY = YES;
				CLANG_WARN_ENUM_CONVERSION = YES;
				CLANG_WARN_INT_CONVERSION = YES;
				CLANG_WARN_OBJC_ROOT_CLASS = YES_ERROR;
				CLANG_WARN_UNREACHABLE_CODE = YES;
				CLANG_WARN__DUPLICATE_METHOD_MATCH = YES;
				"CODE_SIGN_IDENTITY[sdk=iphoneos*]" = "iPhone Developer";
				COPY_PHASE_STRIP = NO;
				DEBUG_INFORMATION_FORMAT = dwarf;
				ENABLE_STRICT_OBJC_MSGSEND = YES;
				ENABLE_TESTABILITY = YES;
				GCC_C_LANGUAGE_STANDARD = gnu99;
				GCC_DYNAMIC_NO_PIC = NO;
				GCC_NO_COMMON_BLOCKS = YES;
				GCC_OPTIMIZATION_LEVEL = 0;
				GCC_PREPROCESSOR_DEFINITIONS = (
					"DEBUG=1",
					"$(inherited)",
				);
				GCC_WARN_64_TO_32_BIT_CONVERSION = YES;
				GCC_WARN_ABOUT_RETURN_TYPE = YES_ERROR;
				GCC_WARN_UNDECLARED_SELECTOR = YES;
				GCC_WARN_UNINITIALIZED_AUTOS = YES_AGGRESSIVE;
				GCC_WARN_UNUSED_FUNCTION = YES;
				GCC_WARN_UNUSED_VARIABLE = YES;
				IPHONEOS_DEPLOYMENT_TARGET = 9.1;
				MTL_ENABLE_DEBUG_INFO = YES;
				ONLY_ACTIVE_ARCH = YES;
				SDKROOT = iphoneos;
				SWIFT_OPTIMIZATION_LEVEL = "-Onone";
			};
			name = Debug;
		};
		3A26DE941BD996EA00CFBF62 /* Release */ = {
			isa = XCBuildConfiguration;
			buildSettings = {
				ALWAYS_SEARCH_USER_PATHS = NO;
				CLANG_CXX_LANGUAGE_STANDARD = "gnu++0x";
				CLANG_CXX_LIBRARY = "libc++";
				CLANG_ENABLE_MODULES = YES;
				CLANG_ENABLE_OBJC_ARC = YES;
				CLANG_WARN_BOOL_CONVERSION = YES;
				CLANG_WARN_CONSTANT_CONVERSION = YES;
				CLANG_WARN_DIRECT_OBJC_ISA_USAGE = YES_ERROR;
				CLANG_WARN_EMPTY_BODY = YES;
				CLANG_WARN_ENUM_CONVERSION = YES;
				CLANG_WARN_INT_CONVERSION = YES;
				CLANG_WARN_OBJC_ROOT_CLASS = YES_ERROR;
				CLANG_WARN_UNREACHABLE_CODE = YES;
				CLANG_WARN__DUPLICATE_METHOD_MATCH = YES;
				"CODE_SIGN_IDENTITY[sdk=iphoneos*]" = "iPhone Developer";
				COPY_PHASE_STRIP = NO;
				DEBUG_INFORMATION_FORMAT = "dwarf-with-dsym";
				ENABLE_NS_ASSERTIONS = NO;
				ENABLE_STRICT_OBJC_MSGSEND = YES;
				GCC_C_LANGUAGE_STANDARD = gnu99;
				GCC_NO_COMMON_BLOCKS = YES;
				GCC_WARN_64_TO_32_BIT_CONVERSION = YES;
				GCC_WARN_ABOUT_RETURN_TYPE = YES_ERROR;
				GCC_WARN_UNDECLARED_SELECTOR = YES;
				GCC_WARN_UNINITIALIZED_AUTOS = YES_AGGRESSIVE;
				GCC_WARN_UNUSED_FUNCTION = YES;
				GCC_WARN_UNUSED_VARIABLE = YES;
				IPHONEOS_DEPLOYMENT_TARGET = 9.1;
				MTL_ENABLE_DEBUG_INFO = NO;
				SDKROOT = iphoneos;
				VALIDATE_PRODUCT = YES;
			};
			name = Release;
		};
		3A26DE961BD996EA00CFBF62 /* Debug */ = {
			isa = XCBuildConfiguration;
			buildSettings = {
				ASSETCATALOG_COMPILER_APPICON_NAME = AppIcon;
				INFOPLIST_FILE = SimpleCalcIOS/Info.plist;
				LD_RUNPATH_SEARCH_PATHS = "$(inherited) @executable_path/Frameworks";
				PRODUCT_BUNDLE_IDENTIFIER = edu.uw.xyju.SimpleCalcIOS;
				PRODUCT_NAME = "$(TARGET_NAME)";
			};
			name = Debug;
		};
		3A26DE971BD996EA00CFBF62 /* Release */ = {
			isa = XCBuildConfiguration;
			buildSettings = {
				ASSETCATALOG_COMPILER_APPICON_NAME = AppIcon;
				INFOPLIST_FILE = SimpleCalcIOS/Info.plist;
				LD_RUNPATH_SEARCH_PATHS = "$(inherited) @executable_path/Frameworks";
				PRODUCT_BUNDLE_IDENTIFIER = edu.uw.xyju.SimpleCalcIOS;
				PRODUCT_NAME = "$(TARGET_NAME)";
			};
			name = Release;
		};
		3A26DE991BD996EA00CFBF62 /* Debug */ = {
			isa = XCBuildConfiguration;
			buildSettings = {
				BUNDLE_LOADER = "$(TEST_HOST)";
				INFOPLIST_FILE = SimpleCalcIOSTests/Info.plist;
				LD_RUNPATH_SEARCH_PATHS = "$(inherited) @executable_path/Frameworks @loader_path/Frameworks";
				PRODUCT_BUNDLE_IDENTIFIER = edu.uw.xyju.SimpleCalcIOSTests;
				PRODUCT_NAME = "$(TARGET_NAME)";
				TEST_HOST = "$(BUILT_PRODUCTS_DIR)/SimpleCalcIOS.app/SimpleCalcIOS";
			};
			name = Debug;
		};
		3A26DE9A1BD996EA00CFBF62 /* Release */ = {
			isa = XCBuildConfiguration;
			buildSettings = {
				BUNDLE_LOADER = "$(TEST_HOST)";
				INFOPLIST_FILE = SimpleCalcIOSTests/Info.plist;
				LD_RUNPATH_SEARCH_PATHS = "$(inherited) @executable_path/Frameworks @loader_path/Frameworks";
				PRODUCT_BUNDLE_IDENTIFIER = edu.uw.xyju.SimpleCalcIOSTests;
				PRODUCT_NAME = "$(TARGET_NAME)";
				TEST_HOST = "$(BUILT_PRODUCTS_DIR)/SimpleCalcIOS.app/SimpleCalcIOS";
			};
			name = Release;
		};
		3A26DE9C1BD996EA00CFBF62 /* Debug */ = {
			isa = XCBuildConfiguration;
			buildSettings = {
				INFOPLIST_FILE = SimpleCalcIOSUITests/Info.plist;
				LD_RUNPATH_SEARCH_PATHS = "$(inherited) @executable_path/Frameworks @loader_path/Frameworks";
				PRODUCT_BUNDLE_IDENTIFIER = edu.uw.xyju.SimpleCalcIOSUITests;
				PRODUCT_NAME = "$(TARGET_NAME)";
				TEST_TARGET_NAME = SimpleCalcIOS;
				USES_XCTRUNNER = YES;
			};
			name = Debug;
		};
		3A26DE9D1BD996EA00CFBF62 /* Release */ = {
			isa = XCBuildConfiguration;
			buildSettings = {
				INFOPLIST_FILE = SimpleCalcIOSUITests/Info.plist;
				LD_RUNPATH_SEARCH_PATHS = "$(inherited) @executable_path/Frameworks @loader_path/Frameworks";
				PRODUCT_BUNDLE_IDENTIFIER = edu.uw.xyju.SimpleCalcIOSUITests;
				PRODUCT_NAME = "$(TARGET_NAME)";
				TEST_TARGET_NAME = SimpleCalcIOS;
				USES_XCTRUNNER = YES;
			};
			name = Release;
		};
/* End XCBuildConfiguration section */

/* Begin XCConfigurationList section */
		3A26DE681BD996E900CFBF62 /* Build configuration list for PBXProject "SimpleCalcIOS" */ = {
			isa = XCConfigurationList;
			buildConfigurations = (
				3A26DE931BD996EA00CFBF62 /* Debug */,
				3A26DE941BD996EA00CFBF62 /* Release */,
			);
			defaultConfigurationIsVisible = 0;
			defaultConfigurationName = Release;
		};
		3A26DE951BD996EA00CFBF62 /* Build configuration list for PBXNativeTarget "SimpleCalcIOS" */ = {
			isa = XCConfigurationList;
			buildConfigurations = (
				3A26DE961BD996EA00CFBF62 /* Debug */,
				3A26DE971BD996EA00CFBF62 /* Release */,
			);
			defaultConfigurationIsVisible = 0;
		};
		3A26DE981BD996EA00CFBF62 /* Build configuration list for PBXNativeTarget "SimpleCalcIOSTests" */ = {
			isa = XCConfigurationList;
			buildConfigurations = (
				3A26DE991BD996EA00CFBF62 /* Debug */,
				3A26DE9A1BD996EA00CFBF62 /* Release */,
			);
			defaultConfigurationIsVisible = 0;
		};
		3A26DE9B1BD996EA00CFBF62 /* Build configuration list for PBXNativeTarget "SimpleCalcIOSUITests" */ = {
			isa = XCConfigurationList;
			buildConfigurations = (
				3A26DE9C1BD996EA00CFBF62 /* Debug */,
				3A26DE9D1BD996EA00CFBF62 /* Release */,
			);
			defaultConfigurationIsVisible = 0;
		};
/* End XCConfigurationList section */
	};
	rootObject = 3A26DE651BD996E900CFBF62 /* Project object */;
}
